
Microsoft Visual Studio Solution File, Format Version 12.00
# Visual Studio Version 17
VisualStudioVersion = 17.11.35312.102
MinimumVisualStudioVersion = 10.0.40219.1
Project("{FAE04EC0-301F-11D3-BF4B-00C04F79EFBC}") = "GestPro_CarlosCalzado", "GestPro_CarlosCalzado\GestPro_CarlosCalzado.csproj", "{47BFD5AD-0C2A-41F7-9B54-15F54D7BBF86}"
EndProject
Global
	GlobalSection(SolutionConfigurationPlatforms) = preSolution
		Debug|Any CPU = Debug|Any CPU
		Release|Any CPU = Release|Any CPU
	EndGlobalSection
	GlobalSection(ProjectConfigurationPlatforms) = postSolution
		{47BFD5AD-0C2A-41F7-9B54-15F54D7BBF86}.Debug|Any CPU.ActiveCfg = Debug|Any CPU
		{47BFD5AD-0C2A-41F7-9B54-15F54D7BBF86}.Debug|Any CPU.Build.0 = Debug|Any CPU
		{47BFD5AD-0C2A-41F7-9B54-15F54D7BBF86}.Release|Any CPU.ActiveCfg = Release|Any CPU
		{47BFD5AD-0C2A-41F7-9B54-15F54D7BBF86}.Release|Any CPU.Build.0 = Release|Any CPU
	EndGlobalSection
	GlobalSection(SolutionProperties) = preSolution
		HideSolutionNode = FALSE
	EndGlobalSection
	GlobalSection(ExtensibilityGlobals) = postSolution
		SolutionGuid = {13B5DDBA-B1C3-42BF-B4CC-BBEBF6127681}
	EndGlobalSection
EndGlobal
