
Microsoft Visual Studio Solution File, Format Version 12.00
# Visual Studio Version 17
VisualStudioVersion = 17.11.35312.102
MinimumVisualStudioVersion = 10.0.40219.1
Project("{FAE04EC0-301F-11D3-BF4B-00C04F79EFBC}") = "GestProV2", "GestProV2\GestProV2.csproj", "{E0E48129-86E5-4B3A-90B7-5F0D0D342A81}"
EndProject
Project("{2150E333-8FDC-42A3-9474-1A3956D46DE8}") = "Elementos de la solución", "Elementos de la solución", "{D107F4C8-89CC-BEA8-D3D7-CA6B7733353D}"
	ProjectSection(SolutionItems) = preProject
		GestProV2\InformeEmpleados.rpt = GestProV2\InformeEmpleados.rpt
	EndProjectSection
EndProject
Global
	GlobalSection(SolutionConfigurationPlatforms) = preSolution
		Debug|Any CPU = Debug|Any CPU
		Release|Any CPU = Release|Any CPU
	EndGlobalSection
	GlobalSection(ProjectConfigurationPlatforms) = postSolution
		{E0E48129-86E5-4B3A-90B7-5F0D0D342A81}.Debug|Any CPU.ActiveCfg = Debug|Any CPU
		{E0E48129-86E5-4B3A-90B7-5F0D0D342A81}.Debug|Any CPU.Build.0 = Debug|Any CPU
		{E0E48129-86E5-4B3A-90B7-5F0D0D342A81}.Release|Any CPU.ActiveCfg = Release|Any CPU
		{E0E48129-86E5-4B3A-90B7-5F0D0D342A81}.Release|Any CPU.Build.0 = Release|Any CPU
	EndGlobalSection
	GlobalSection(SolutionProperties) = preSolution
		HideSolutionNode = FALSE
	EndGlobalSection
	GlobalSection(ExtensibilityGlobals) = postSolution
		SolutionGuid = {E03CF789-E49C-4619-88E4-D36066DFDCDF}
	EndGlobalSection
EndGlobal
