
Microsoft Visual Studio Solution File, Format Version 12.00
# Visual Studio Version 17
VisualStudioVersion = 17.11.35312.102
MinimumVisualStudioVersion = 10.0.40219.1
Project("{FAE04EC0-301F-11D3-BF4B-00C04F79EFBC}") = "contenedores-1", "contenedores-1\contenedores-1.csproj", "{E2608B63-7EE8-43AF-8E09-FD32C5C01A0B}"
EndProject
Global
	GlobalSection(SolutionConfigurationPlatforms) = preSolution
		Debug|Any CPU = Debug|Any CPU
		Release|Any CPU = Release|Any CPU
	EndGlobalSection
	GlobalSection(ProjectConfigurationPlatforms) = postSolution
		{E2608B63-7EE8-43AF-8E09-FD32C5C01A0B}.Debug|Any CPU.ActiveCfg = Debug|Any CPU
		{E2608B63-7EE8-43AF-8E09-FD32C5C01A0B}.Debug|Any CPU.Build.0 = Debug|Any CPU
		{E2608B63-7EE8-43AF-8E09-FD32C5C01A0B}.Release|Any CPU.ActiveCfg = Release|Any CPU
		{E2608B63-7EE8-43AF-8E09-FD32C5C01A0B}.Release|Any CPU.Build.0 = Release|Any CPU
	EndGlobalSection
	GlobalSection(SolutionProperties) = preSolution
		HideSolutionNode = FALSE
	EndGlobalSection
	GlobalSection(ExtensibilityGlobals) = postSolution
		SolutionGuid = {240BB08E-D535-450B-A3A8-42B37613F18A}
	EndGlobalSection
EndGlobal
