
Microsoft Visual Studio Solution File, Format Version 12.00
# Visual Studio Version 17
VisualStudioVersion = 17.11.35312.102
MinimumVisualStudioVersion = 10.0.40219.1
Project("{FAE04EC0-301F-11D3-BF4B-00C04F79EFBC}") = "Ejercicio1ExamenJorgeHerrera", "Ejercicio1ExamenJorgeHerrera\Ejercicio1ExamenJorgeHerrera.csproj", "{F635BDB8-822E-4AEE-8315-593F497AE5A1}"
EndProject
Global
	GlobalSection(SolutionConfigurationPlatforms) = preSolution
		Debug|Any CPU = Debug|Any CPU
		Release|Any CPU = Release|Any CPU
	EndGlobalSection
	GlobalSection(ProjectConfigurationPlatforms) = postSolution
		{F635BDB8-822E-4AEE-8315-593F497AE5A1}.Debug|Any CPU.ActiveCfg = Debug|Any CPU
		{F635BDB8-822E-4AEE-8315-593F497AE5A1}.Debug|Any CPU.Build.0 = Debug|Any CPU
		{F635BDB8-822E-4AEE-8315-593F497AE5A1}.Release|Any CPU.ActiveCfg = Release|Any CPU
		{F635BDB8-822E-4AEE-8315-593F497AE5A1}.Release|Any CPU.Build.0 = Release|Any CPU
	EndGlobalSection
	GlobalSection(SolutionProperties) = preSolution
		HideSolutionNode = FALSE
	EndGlobalSection
	GlobalSection(ExtensibilityGlobals) = postSolution
		SolutionGuid = {7E348423-0E7C-4A88-B5D8-8BCB751588C6}
	EndGlobalSection
EndGlobal
