
Microsoft Visual Studio Solution File, Format Version 12.00
# Visual Studio Version 17
VisualStudioVersion = 17.11.35312.102
MinimumVisualStudioVersion = 10.0.40219.1
Project("{FAE04EC0-301F-11D3-BF4B-00C04F79EFBC}") = "CrystalReportWpfApplication1", "CrystalReportWpfApplication1\CrystalReportWpfApplication1.csproj", "{E63A9B85-1686-4926-9590-200D1B1CA715}"
EndProject
Global
	GlobalSection(SolutionConfigurationPlatforms) = preSolution
		Debug|x86 = Debug|x86
		Release|x86 = Release|x86
	EndGlobalSection
	GlobalSection(ProjectConfigurationPlatforms) = postSolution
		{E63A9B85-1686-4926-9590-200D1B1CA715}.Debug|x86.ActiveCfg = Debug|x86
		{E63A9B85-1686-4926-9590-200D1B1CA715}.Debug|x86.Build.0 = Debug|x86
		{E63A9B85-1686-4926-9590-200D1B1CA715}.Release|x86.ActiveCfg = Release|x86
		{E63A9B85-1686-4926-9590-200D1B1CA715}.Release|x86.Build.0 = Release|x86
	EndGlobalSection
	GlobalSection(SolutionProperties) = preSolution
		HideSolutionNode = FALSE
	EndGlobalSection
	GlobalSection(ExtensibilityGlobals) = postSolution
		SolutionGuid = {FEE9F589-7D5E-442B-AE64-DA4AD2D05C2B}
	EndGlobalSection
EndGlobal
